
Microsoft Visual Studio Solution File, Format Version 12.00
# Visual Studio Version 17
VisualStudioVersion = 17.6.33829.357
MinimumVisualStudioVersion = 10.0.40219.1
Project("{FAE04EC0-301F-11D3-BF4B-00C04F79EFBC}") = "AirPro_Freidrd_Final_Project", "AirPro_Freidrd_Final_Project\AirPro_Freidrd_Final_Project.csproj", "{DB013DB4-FE9B-4094-B43F-464B9FA5926B}"
EndProject
Global
	GlobalSection(SolutionConfigurationPlatforms) = preSolution
		Debug|Any CPU = Debug|Any CPU
		Release|Any CPU = Release|Any CPU
	EndGlobalSection
	GlobalSection(ProjectConfigurationPlatforms) = postSolution
		{DB013DB4-FE9B-4094-B43F-464B9FA5926B}.Debug|Any CPU.ActiveCfg = Debug|Any CPU
		{DB013DB4-FE9B-4094-B43F-464B9FA5926B}.Debug|Any CPU.Build.0 = Debug|Any CPU
		{DB013DB4-FE9B-4094-B43F-464B9FA5926B}.Release|Any CPU.ActiveCfg = Release|Any CPU
		{DB013DB4-FE9B-4094-B43F-464B9FA5926B}.Release|Any CPU.Build.0 = Release|Any CPU
	EndGlobalSection
	GlobalSection(SolutionProperties) = preSolution
		HideSolutionNode = FALSE
	EndGlobalSection
	GlobalSection(ExtensibilityGlobals) = postSolution
		SolutionGuid = {70740687-1680-4062-9BA8-98EB5D828574}
	EndGlobalSection
EndGlobal
